
Microsoft Visual Studio Solution File, Format Version 12.00
# Visual Studio Version 16
VisualStudioVersion = 16.0.32901.82
MinimumVisualStudioVersion = 10.0.40219.1
Project("{9A19103F-16F7-4668-BE54-9A1E7A4F7556}") = "bardha", "bardha\bardha.csproj", "{8069168D-99E5-4A1A-92DD-F71124E718DA}"
EndProject
Project("{2150E333-8FDC-42A3-9474-1A3956D46DE8}") = "Solution Items", "Solution Items", "{AC055B68-D1DE-43BC-860A-348584C27F57}"
	ProjectSection(SolutionItems) = preProject
		.editorconfig = .editorconfig
	EndProjectSection
EndProject
Global
	GlobalSection(SolutionConfigurationPlatforms) = preSolution
		Debug|Any CPU = Debug|Any CPU
		Release|Any CPU = Release|Any CPU
	EndGlobalSection
	GlobalSection(ProjectConfigurationPlatforms) = postSolution
		{8069168D-99E5-4A1A-92DD-F71124E718DA}.Debug|Any CPU.ActiveCfg = Release|Any CPU
		{8069168D-99E5-4A1A-92DD-F71124E718DA}.Debug|Any CPU.Build.0 = Release|Any CPU
		{8069168D-99E5-4A1A-92DD-F71124E718DA}.Release|Any CPU.ActiveCfg = Release|Any CPU
		{8069168D-99E5-4A1A-92DD-F71124E718DA}.Release|Any CPU.Build.0 = Release|Any CPU
	EndGlobalSection
	GlobalSection(SolutionProperties) = preSolution
		HideSolutionNode = FALSE
	EndGlobalSection
	GlobalSection(ExtensibilityGlobals) = postSolution
		SolutionGuid = {E318FD29-E061-44D0-AEA8-9A740BD49FA1}
	EndGlobalSection
EndGlobal
